
Microsoft Visual Studio Solution File, Format Version 12.00
# Visual Studio Version 17
VisualStudioVersion = 17.4.33205.214
MinimumVisualStudioVersion = 10.0.40219.1
Project("{9A19103F-16F7-4668-BE54-9A1E7A4F7556}") = "DragonFlyApp.Client", "DragonFlyApp.Client\DragonFlyApp.Client.csproj", "{71DE1BB2-D3C5-4F83-90FF-029DF61E6311}"
EndProject
Project("{9A19103F-16F7-4668-BE54-9A1E7A4F7556}") = "DragonFlyApp.Server", "DragonFlyApp.Server\DragonFlyApp.Server.csproj", "{5AECCF66-6B94-40A7-8203-88C1C824CCAF}"
EndProject
Global
	GlobalSection(SolutionConfigurationPlatforms) = preSolution
		Debug|Any CPU = Debug|Any CPU
		Release|Any CPU = Release|Any CPU
	EndGlobalSection
	GlobalSection(ProjectConfigurationPlatforms) = postSolution
		{71DE1BB2-D3C5-4F83-90FF-029DF61E6311}.Debug|Any CPU.ActiveCfg = Debug|Any CPU
		{71DE1BB2-D3C5-4F83-90FF-029DF61E6311}.Debug|Any CPU.Build.0 = Debug|Any CPU
		{71DE1BB2-D3C5-4F83-90FF-029DF61E6311}.Release|Any CPU.ActiveCfg = Release|Any CPU
		{71DE1BB2-D3C5-4F83-90FF-029DF61E6311}.Release|Any CPU.Build.0 = Release|Any CPU
		{5AECCF66-6B94-40A7-8203-88C1C824CCAF}.Debug|Any CPU.ActiveCfg = Debug|Any CPU
		{5AECCF66-6B94-40A7-8203-88C1C824CCAF}.Debug|Any CPU.Build.0 = Debug|Any CPU
		{5AECCF66-6B94-40A7-8203-88C1C824CCAF}.Release|Any CPU.ActiveCfg = Release|Any CPU
		{5AECCF66-6B94-40A7-8203-88C1C824CCAF}.Release|Any CPU.Build.0 = Release|Any CPU
	EndGlobalSection
	GlobalSection(SolutionProperties) = preSolution
		HideSolutionNode = FALSE
	EndGlobalSection
	GlobalSection(ExtensibilityGlobals) = postSolution
		SolutionGuid = {BCBE8895-E50E-4617-9B43-C1A3EC726633}
	EndGlobalSection
EndGlobal
