
Microsoft Visual Studio Solution File, Format Version 12.00
# Visual Studio Version 16
VisualStudioVersion = 16.0.30114.105
MinimumVisualStudioVersion = 10.0.40219.1
Project("{2150E333-8FDC-42A3-9474-1A3956D46DE8}") = "AspNetCore", "AspNetCore", "{91ADE257-5696-4B85-BADA-7638271C971B}"
EndProject
Project("{2150E333-8FDC-42A3-9474-1A3956D46DE8}") = "Core", "Core", "{80101F19-8924-41FA-9325-CA8AC946DC4C}"
EndProject
Project("{2150E333-8FDC-42A3-9474-1A3956D46DE8}") = "Razor", "Razor", "{7B9DA9F7-69AA-44B3-9E64-2105DBD5537E}"
EndProject
Project("{9A19103F-16F7-4668-BE54-9A1E7A4F7556}") = "DragonFly.Core", "DragonFly.Core\DragonFly.Core.csproj", "{9D402E8B-6451-4AD2-860E-452ABCC41E48}"
EndProject
Project("{2150E333-8FDC-42A3-9474-1A3956D46DE8}") = "Storages", "Storages", "{F2747F36-DDA1-4ACF-A930-A8B1944B4854}"
EndProject
Project("{2150E333-8FDC-42A3-9474-1A3956D46DE8}") = "ImageProcessing", "ImageProcessing", "{AE29610D-DE57-4851-9673-DF4AD1E47A3C}"
EndProject
Project("{9A19103F-16F7-4668-BE54-9A1E7A4F7556}") = "DragonFly.Storage.MongoDB", "DragonFly.Storage.MongoDB\DragonFly.Storage.MongoDB.csproj", "{CCD445C7-581F-4108-9CEF-C821BE0EF3B0}"
EndProject
Project("{9A19103F-16F7-4668-BE54-9A1E7A4F7556}") = "DragonFly.AspNetCore.ImageSharp", "DragonFly.AspNetCore.ImageSharp\DragonFly.AspNetCore.ImageSharp.csproj", "{95D6DDFB-98C2-4059-AA79-247D2A9BBA7F}"
EndProject
Project("{9A19103F-16F7-4668-BE54-9A1E7A4F7556}") = "DragonFly.AspNetCore", "DragonFly.AspNetCore\DragonFly.AspNetCore.csproj", "{4D9F3B1F-BE6E-4838-AFC7-6EF21190CA3A}"
EndProject
Project("{9A19103F-16F7-4668-BE54-9A1E7A4F7556}") = "DragonFly.AspNetCore.GraphQL", "DragonFly.AspNetCore.GraphQL\DragonFly.AspNetCore.GraphQL.csproj", "{3B6A5D24-45FD-4B1F-B10F-4B87F309075A}"
EndProject
Project("{9A19103F-16F7-4668-BE54-9A1E7A4F7556}") = "DragonFly.AspNetCore.API", "DragonFly.AspNetCore.API\DragonFly.AspNetCore.API.csproj", "{004080E6-CB22-4199-BB0B-5AB89CAB81AA}"
EndProject
Project("{9A19103F-16F7-4668-BE54-9A1E7A4F7556}") = "DragonFly.AspNetCore.API.Client", "DragonFly.AspNetCore.API.Client\DragonFly.AspNetCore.API.Client.csproj", "{860118C5-56AD-4A49-9F84-507F33056A5C}"
EndProject
Project("{9A19103F-16F7-4668-BE54-9A1E7A4F7556}") = "DragonFly.AspNetCore.API.Exports", "DragonFly.AspNetCore.API.Exports\DragonFly.AspNetCore.API.Exports.csproj", "{03AD4897-AF43-4109-8529-34250D301F67}"
EndProject
Project("{9A19103F-16F7-4668-BE54-9A1E7A4F7556}") = "DragonFly.Razor", "DragonFly.Razor\DragonFly.Razor.csproj", "{073480CD-6268-4400-B982-99C8FCB67E5B}"
EndProject
Project("{2150E333-8FDC-42A3-9474-1A3956D46DE8}") = "App", "App", "{B11DF721-439E-487C-A3ED-73BE6DBD5D1F}"
EndProject
Project("{9A19103F-16F7-4668-BE54-9A1E7A4F7556}") = "DragonFly.App.Client", "DragonFly.App.Client\DragonFly.App.Client.csproj", "{E7722C54-C2D8-40EF-AAB8-E9CA710FC822}"
EndProject
Project("{9A19103F-16F7-4668-BE54-9A1E7A4F7556}") = "DragonFly.App.Server", "DragonFly.App.Server\DragonFly.App.Server.csproj", "{58A424A3-253B-46FC-91A5-7D849E5E0C14}"
EndProject
Project("{2150E333-8FDC-42A3-9474-1A3956D46DE8}") = "Auth", "Auth", "{A12D90AA-8DE9-4DAF-B211-ECA0556D0042}"
EndProject
Global
	GlobalSection(SolutionConfigurationPlatforms) = preSolution
		Debug|Any CPU = Debug|Any CPU
		Release|Any CPU = Release|Any CPU
	EndGlobalSection
	GlobalSection(ProjectConfigurationPlatforms) = postSolution
		{9D402E8B-6451-4AD2-860E-452ABCC41E48}.Debug|Any CPU.ActiveCfg = Debug|Any CPU
		{9D402E8B-6451-4AD2-860E-452ABCC41E48}.Debug|Any CPU.Build.0 = Debug|Any CPU
		{9D402E8B-6451-4AD2-860E-452ABCC41E48}.Release|Any CPU.ActiveCfg = Release|Any CPU
		{9D402E8B-6451-4AD2-860E-452ABCC41E48}.Release|Any CPU.Build.0 = Release|Any CPU
		{CCD445C7-581F-4108-9CEF-C821BE0EF3B0}.Debug|Any CPU.ActiveCfg = Debug|Any CPU
		{CCD445C7-581F-4108-9CEF-C821BE0EF3B0}.Debug|Any CPU.Build.0 = Debug|Any CPU
		{CCD445C7-581F-4108-9CEF-C821BE0EF3B0}.Release|Any CPU.ActiveCfg = Release|Any CPU
		{CCD445C7-581F-4108-9CEF-C821BE0EF3B0}.Release|Any CPU.Build.0 = Release|Any CPU
		{95D6DDFB-98C2-4059-AA79-247D2A9BBA7F}.Debug|Any CPU.ActiveCfg = Debug|Any CPU
		{95D6DDFB-98C2-4059-AA79-247D2A9BBA7F}.Debug|Any CPU.Build.0 = Debug|Any CPU
		{95D6DDFB-98C2-4059-AA79-247D2A9BBA7F}.Release|Any CPU.ActiveCfg = Release|Any CPU
		{95D6DDFB-98C2-4059-AA79-247D2A9BBA7F}.Release|Any CPU.Build.0 = Release|Any CPU
		{4D9F3B1F-BE6E-4838-AFC7-6EF21190CA3A}.Debug|Any CPU.ActiveCfg = Debug|Any CPU
		{4D9F3B1F-BE6E-4838-AFC7-6EF21190CA3A}.Debug|Any CPU.Build.0 = Debug|Any CPU
		{4D9F3B1F-BE6E-4838-AFC7-6EF21190CA3A}.Release|Any CPU.ActiveCfg = Release|Any CPU
		{4D9F3B1F-BE6E-4838-AFC7-6EF21190CA3A}.Release|Any CPU.Build.0 = Release|Any CPU
		{3B6A5D24-45FD-4B1F-B10F-4B87F309075A}.Debug|Any CPU.ActiveCfg = Debug|Any CPU
		{3B6A5D24-45FD-4B1F-B10F-4B87F309075A}.Debug|Any CPU.Build.0 = Debug|Any CPU
		{3B6A5D24-45FD-4B1F-B10F-4B87F309075A}.Release|Any CPU.ActiveCfg = Release|Any CPU
		{3B6A5D24-45FD-4B1F-B10F-4B87F309075A}.Release|Any CPU.Build.0 = Release|Any CPU
		{004080E6-CB22-4199-BB0B-5AB89CAB81AA}.Debug|Any CPU.ActiveCfg = Debug|Any CPU
		{004080E6-CB22-4199-BB0B-5AB89CAB81AA}.Debug|Any CPU.Build.0 = Debug|Any CPU
		{004080E6-CB22-4199-BB0B-5AB89CAB81AA}.Release|Any CPU.ActiveCfg = Release|Any CPU
		{004080E6-CB22-4199-BB0B-5AB89CAB81AA}.Release|Any CPU.Build.0 = Release|Any CPU
		{860118C5-56AD-4A49-9F84-507F33056A5C}.Debug|Any CPU.ActiveCfg = Debug|Any CPU
		{860118C5-56AD-4A49-9F84-507F33056A5C}.Debug|Any CPU.Build.0 = Debug|Any CPU
		{860118C5-56AD-4A49-9F84-507F33056A5C}.Release|Any CPU.ActiveCfg = Release|Any CPU
		{860118C5-56AD-4A49-9F84-507F33056A5C}.Release|Any CPU.Build.0 = Release|Any CPU
		{03AD4897-AF43-4109-8529-34250D301F67}.Debug|Any CPU.ActiveCfg = Debug|Any CPU
		{03AD4897-AF43-4109-8529-34250D301F67}.Debug|Any CPU.Build.0 = Debug|Any CPU
		{03AD4897-AF43-4109-8529-34250D301F67}.Release|Any CPU.ActiveCfg = Release|Any CPU
		{03AD4897-AF43-4109-8529-34250D301F67}.Release|Any CPU.Build.0 = Release|Any CPU
		{073480CD-6268-4400-B982-99C8FCB67E5B}.Debug|Any CPU.ActiveCfg = Debug|Any CPU
		{073480CD-6268-4400-B982-99C8FCB67E5B}.Debug|Any CPU.Build.0 = Debug|Any CPU
		{073480CD-6268-4400-B982-99C8FCB67E5B}.Release|Any CPU.ActiveCfg = Release|Any CPU
		{073480CD-6268-4400-B982-99C8FCB67E5B}.Release|Any CPU.Build.0 = Release|Any CPU
		{E7722C54-C2D8-40EF-AAB8-E9CA710FC822}.Debug|Any CPU.ActiveCfg = Debug|Any CPU
		{E7722C54-C2D8-40EF-AAB8-E9CA710FC822}.Debug|Any CPU.Build.0 = Debug|Any CPU
		{E7722C54-C2D8-40EF-AAB8-E9CA710FC822}.Release|Any CPU.ActiveCfg = Release|Any CPU
		{E7722C54-C2D8-40EF-AAB8-E9CA710FC822}.Release|Any CPU.Build.0 = Release|Any CPU
		{58A424A3-253B-46FC-91A5-7D849E5E0C14}.Debug|Any CPU.ActiveCfg = Debug|Any CPU
		{58A424A3-253B-46FC-91A5-7D849E5E0C14}.Debug|Any CPU.Build.0 = Debug|Any CPU
		{58A424A3-253B-46FC-91A5-7D849E5E0C14}.Release|Any CPU.ActiveCfg = Release|Any CPU
		{58A424A3-253B-46FC-91A5-7D849E5E0C14}.Release|Any CPU.Build.0 = Release|Any CPU
	EndGlobalSection
	GlobalSection(SolutionProperties) = preSolution
		HideSolutionNode = FALSE
	EndGlobalSection
	GlobalSection(NestedProjects) = preSolution
		{9D402E8B-6451-4AD2-860E-452ABCC41E48} = {80101F19-8924-41FA-9325-CA8AC946DC4C}
		{CCD445C7-581F-4108-9CEF-C821BE0EF3B0} = {F2747F36-DDA1-4ACF-A930-A8B1944B4854}
		{95D6DDFB-98C2-4059-AA79-247D2A9BBA7F} = {AE29610D-DE57-4851-9673-DF4AD1E47A3C}
		{4D9F3B1F-BE6E-4838-AFC7-6EF21190CA3A} = {91ADE257-5696-4B85-BADA-7638271C971B}
		{3B6A5D24-45FD-4B1F-B10F-4B87F309075A} = {91ADE257-5696-4B85-BADA-7638271C971B}
		{004080E6-CB22-4199-BB0B-5AB89CAB81AA} = {91ADE257-5696-4B85-BADA-7638271C971B}
		{860118C5-56AD-4A49-9F84-507F33056A5C} = {91ADE257-5696-4B85-BADA-7638271C971B}
		{03AD4897-AF43-4109-8529-34250D301F67} = {91ADE257-5696-4B85-BADA-7638271C971B}
		{073480CD-6268-4400-B982-99C8FCB67E5B} = {7B9DA9F7-69AA-44B3-9E64-2105DBD5537E}
		{E7722C54-C2D8-40EF-AAB8-E9CA710FC822} = {B11DF721-439E-487C-A3ED-73BE6DBD5D1F}
		{58A424A3-253B-46FC-91A5-7D849E5E0C14} = {B11DF721-439E-487C-A3ED-73BE6DBD5D1F}
	EndGlobalSection
	GlobalSection(ExtensibilityGlobals) = postSolution
		SolutionGuid = {069E83C9-3430-4D62-843B-B52982C42093}
	EndGlobalSection
EndGlobal
