
Microsoft Visual Studio Solution File, Format Version 12.00
# Visual Studio Version 17
VisualStudioVersion = 17.0.31710.8
MinimumVisualStudioVersion = 10.0.40219.1
Project("{2150E333-8FDC-42A3-9474-1A3956D46DE8}") = "AspNetCore", "AspNetCore", "{91ADE257-5696-4B85-BADA-7638271C971B}"
EndProject
Project("{2150E333-8FDC-42A3-9474-1A3956D46DE8}") = "Core", "Core", "{80101F19-8924-41FA-9325-CA8AC946DC4C}"
EndProject
Project("{2150E333-8FDC-42A3-9474-1A3956D46DE8}") = "Razor", "Razor", "{7B9DA9F7-69AA-44B3-9E64-2105DBD5537E}"
EndProject
Project("{9A19103F-16F7-4668-BE54-9A1E7A4F7556}") = "DragonFly.Core", "DragonFly.Core\DragonFly.Core.csproj", "{9D402E8B-6451-4AD2-860E-452ABCC41E48}"
EndProject
Project("{2150E333-8FDC-42A3-9474-1A3956D46DE8}") = "Storages", "Storages", "{F2747F36-DDA1-4ACF-A930-A8B1944B4854}"
EndProject
Project("{9A19103F-16F7-4668-BE54-9A1E7A4F7556}") = "DragonFly.Storage.MongoDB", "DragonFly.Storage.MongoDB\DragonFly.Storage.MongoDB.csproj", "{CCD445C7-581F-4108-9CEF-C821BE0EF3B0}"
EndProject
Project("{9A19103F-16F7-4668-BE54-9A1E7A4F7556}") = "DragonFly.AspNetCore", "DragonFly.AspNetCore\DragonFly.AspNetCore.csproj", "{4D9F3B1F-BE6E-4838-AFC7-6EF21190CA3A}"
EndProject
Project("{9A19103F-16F7-4668-BE54-9A1E7A4F7556}") = "DragonFly.AspNetCore.GraphQL", "DragonFly.AspNetCore.GraphQL\DragonFly.AspNetCore.GraphQL.csproj", "{3B6A5D24-45FD-4B1F-B10F-4B87F309075A}"
EndProject
Project("{9A19103F-16F7-4668-BE54-9A1E7A4F7556}") = "DragonFly.AspNetCore.API", "DragonFly.AspNetCore.API\DragonFly.AspNetCore.API.csproj", "{004080E6-CB22-4199-BB0B-5AB89CAB81AA}"
EndProject
Project("{9A19103F-16F7-4668-BE54-9A1E7A4F7556}") = "DragonFly.AspNetCore.API.Client", "DragonFly.AspNetCore.API.Client\DragonFly.AspNetCore.API.Client.csproj", "{860118C5-56AD-4A49-9F84-507F33056A5C}"
EndProject
Project("{9A19103F-16F7-4668-BE54-9A1E7A4F7556}") = "DragonFly.AspNetCore.API.Exports", "DragonFly.AspNetCore.API.Exports\DragonFly.AspNetCore.API.Exports.csproj", "{03AD4897-AF43-4109-8529-34250D301F67}"
EndProject
Project("{9A19103F-16F7-4668-BE54-9A1E7A4F7556}") = "DragonFly.Razor", "DragonFly.Razor\DragonFly.Razor.csproj", "{073480CD-6268-4400-B982-99C8FCB67E5B}"
EndProject
Project("{2150E333-8FDC-42A3-9474-1A3956D46DE8}") = "App", "App", "{B11DF721-439E-487C-A3ED-73BE6DBD5D1F}"
EndProject
Project("{9A19103F-16F7-4668-BE54-9A1E7A4F7556}") = "DragonFly.App.Client", "DragonFly.App.Client\DragonFly.App.Client.csproj", "{E7722C54-C2D8-40EF-AAB8-E9CA710FC822}"
EndProject
Project("{9A19103F-16F7-4668-BE54-9A1E7A4F7556}") = "DragonFly.App.Server", "DragonFly.App.Server\DragonFly.App.Server.csproj", "{58A424A3-253B-46FC-91A5-7D849E5E0C14}"
EndProject
Project("{9A19103F-16F7-4668-BE54-9A1E7A4F7556}") = "DragonFly.SampleData", "DragonFly.SampleData\DragonFly.SampleData.csproj", "{8E892C33-1453-4DC2-8E2C-9FB19480D908}"
EndProject
Project("{E53339B2-1760-4266-BCC7-CA923CBCF16C}") = "docker-compose", "docker-compose.dcproj", "{62FD0D6F-5AA7-40C2-866B-93F962C0FB76}"
EndProject
Project("{9A19103F-16F7-4668-BE54-9A1E7A4F7556}") = "DragonFly.AspNetCore.SchemaBuilder", "DragonFly.AspNetCore.SchemaBuilder\DragonFly.AspNetCore.SchemaBuilder.csproj", "{609D23AD-71DE-4463-A3E7-6C72FEF64613}"
EndProject
Project("{2150E333-8FDC-42A3-9474-1A3956D46DE8}") = "Fields", "Fields", "{2D62AEFA-7B65-4DF6-85F3-ED9F84A6D06C}"
EndProject
Project("{2150E333-8FDC-42A3-9474-1A3956D46DE8}") = "BlockField", "BlockField", "{CD5595F0-4A34-46DA-AF0F-6D3E91FB13A0}"
EndProject
Project("{9A19103F-16F7-4668-BE54-9A1E7A4F7556}") = "DragonFly.Fields.BlockField", "DragonFly.Fields.BlockField\DragonFly.Fields.BlockField.csproj", "{16623E6E-AD33-4D80-B0B4-C471308467F0}"
EndProject
Project("{9A19103F-16F7-4668-BE54-9A1E7A4F7556}") = "DragonFly.Fields.BlockField.Razor", "DragonFly.Fields.BlockField.Razor\DragonFly.Fields.BlockField.Razor.csproj", "{0D3EDA02-877D-408F-93A2-6B764BB96ABB}"
EndProject
Project("{9A19103F-16F7-4668-BE54-9A1E7A4F7556}") = "DragonFly.AspNetCore.SchemaBuilder.Generator", "DragonFly.AspNetCore.SchemaBuilder.Generator\DragonFly.AspNetCore.SchemaBuilder.Generator.csproj", "{A43F65E6-8310-4E18-A25A-201D0F79FAAA}"
EndProject
Project("{2150E333-8FDC-42A3-9474-1A3956D46DE8}") = "Identity", "Identity", "{A246B1F9-8899-46A0-A551-46CAA8D4C62E}"
EndProject
Project("{9A19103F-16F7-4668-BE54-9A1E7A4F7556}") = "DragonFly.Identity", "DragonFly.Identity\DragonFly.Identity.csproj", "{877B3E58-49B2-4D84-9E0B-758AE24D84AF}"
EndProject
Project("{9A19103F-16F7-4668-BE54-9A1E7A4F7556}") = "DragonFly.Identity.Razor", "DragonFly.Identity.Razor\DragonFly.Identity.Razor.csproj", "{3ED47640-8ED9-44D8-BBF3-469B4E9C403B}"
EndProject
Project("{2150E333-8FDC-42A3-9474-1A3956D46DE8}") = "Security", "Security", "{C6FCFE0D-07C3-4380-881E-EA87150E6C7F}"
EndProject
Project("{2150E333-8FDC-42A3-9474-1A3956D46DE8}") = "Permissions", "Permissions", "{A7CDEAE6-F0BC-4BE6-B689-768A7FE2EDA7}"
EndProject
Project("{9A19103F-16F7-4668-BE54-9A1E7A4F7556}") = "DragonFly.Identity.AspNetCore", "DragonFly.Identity.AspNetCore\DragonFly.Identity.AspNetCore.csproj", "{16E45085-7EBB-42A4-925F-18A5F66A6951}"
EndProject
Project("{9A19103F-16F7-4668-BE54-9A1E7A4F7556}") = "DragonFly.Fields.BlockField.AspNetCore", "DragonFly.Fields.BlockField.AspNetCore\DragonFly.Fields.BlockField.AspNetCore.csproj", "{7DD8C835-2EDF-4A1D-A565-55920226996B}"
EndProject
Project("{9A19103F-16F7-4668-BE54-9A1E7A4F7556}") = "DragonFly.Permissions.AspNetCore", "DragonFly.Permissions.AspNetCore\DragonFly.Permissions.AspNetCore.csproj", "{66DC48DC-0115-4777-987E-655EE493C5D6}"
EndProject
Project("{9A19103F-16F7-4668-BE54-9A1E7A4F7556}") = "DragonFly.Permissions", "DragonFly.Permissions\DragonFly.Permissions.csproj", "{BD2A9021-F0CE-4867-8412-6756373B5DE3}"
EndProject
Project("{2150E333-8FDC-42A3-9474-1A3956D46DE8}") = "ApiKey", "ApiKey", "{AB978E78-A6DD-41E4-A6E0-541F902B9B6A}"
EndProject
Project("{9A19103F-16F7-4668-BE54-9A1E7A4F7556}") = "DragonFly.ApiKeys", "DragonFly.ApiKeys\DragonFly.ApiKeys.csproj", "{9E38A748-673F-4C8D-BA8B-C66A0B299BDA}"
EndProject
Project("{9A19103F-16F7-4668-BE54-9A1E7A4F7556}") = "DragonFly.ApiKeys.AspNetCore", "DragonFly.ApiKeys.AspNetCore\DragonFly.ApiKeys.AspNetCore.csproj", "{38D4D806-1FBD-4175-B7B4-2EC72CF131D5}"
EndProject
Project("{9A19103F-16F7-4668-BE54-9A1E7A4F7556}") = "DragonFly.ApiKeys.Razor", "DragonFly.ApiKeys.Razor\DragonFly.ApiKeys.Razor.csproj", "{A0E6DF4D-F14A-4310-AB2B-7A8900F93D54}"
EndProject
Project("{9A19103F-16F7-4668-BE54-9A1E7A4F7556}") = "DragonFly.Permissions.Client", "DragonFly.Permissions.Client\DragonFly.Permissions.Client.csproj", "{1E69B07F-7AA6-47B6-A39B-D21DB5CE4981}"
EndProject
Project("{9A19103F-16F7-4668-BE54-9A1E7A4F7556}") = "DragonFly.Permissions.Razor", "DragonFly.Permissions.Razor\DragonFly.Permissions.Razor.csproj", "{B15DE6BD-E879-4DE4-8916-0B8A91791D8B}"
EndProject
Project("{2150E333-8FDC-42A3-9474-1A3956D46DE8}") = "Extensions", "Extensions", "{551D7A23-7864-4CA8-B1F1-A58B25EA210E}"
EndProject
Project("{9A19103F-16F7-4668-BE54-9A1E7A4F7556}") = "DragonFly.ImageWizard", "DragonFly.ImageWizard\DragonFly.ImageWizard.csproj", "{EDCDBFE9-5403-4E1E-9DD6-8D643A5249A1}"
EndProject
Project("{2150E333-8FDC-42A3-9474-1A3956D46DE8}") = "Solution Items", "Solution Items", "{042741DC-B6F2-4FEC-A798-4B6A92C5C4BC}"
	ProjectSection(SolutionItems) = preProject
		.editorconfig = .editorconfig
	EndProjectSection
EndProject
Global
	GlobalSection(SolutionConfigurationPlatforms) = preSolution
		Debug|Any CPU = Debug|Any CPU
		Release|Any CPU = Release|Any CPU
	EndGlobalSection
	GlobalSection(ProjectConfigurationPlatforms) = postSolution
		{9D402E8B-6451-4AD2-860E-452ABCC41E48}.Debug|Any CPU.ActiveCfg = Debug|Any CPU
		{9D402E8B-6451-4AD2-860E-452ABCC41E48}.Debug|Any CPU.Build.0 = Debug|Any CPU
		{9D402E8B-6451-4AD2-860E-452ABCC41E48}.Release|Any CPU.ActiveCfg = Release|Any CPU
		{9D402E8B-6451-4AD2-860E-452ABCC41E48}.Release|Any CPU.Build.0 = Release|Any CPU
		{CCD445C7-581F-4108-9CEF-C821BE0EF3B0}.Debug|Any CPU.ActiveCfg = Debug|Any CPU
		{CCD445C7-581F-4108-9CEF-C821BE0EF3B0}.Debug|Any CPU.Build.0 = Debug|Any CPU
		{CCD445C7-581F-4108-9CEF-C821BE0EF3B0}.Release|Any CPU.ActiveCfg = Release|Any CPU
		{CCD445C7-581F-4108-9CEF-C821BE0EF3B0}.Release|Any CPU.Build.0 = Release|Any CPU
		{4D9F3B1F-BE6E-4838-AFC7-6EF21190CA3A}.Debug|Any CPU.ActiveCfg = Debug|Any CPU
		{4D9F3B1F-BE6E-4838-AFC7-6EF21190CA3A}.Debug|Any CPU.Build.0 = Debug|Any CPU
		{4D9F3B1F-BE6E-4838-AFC7-6EF21190CA3A}.Release|Any CPU.ActiveCfg = Release|Any CPU
		{4D9F3B1F-BE6E-4838-AFC7-6EF21190CA3A}.Release|Any CPU.Build.0 = Release|Any CPU
		{3B6A5D24-45FD-4B1F-B10F-4B87F309075A}.Debug|Any CPU.ActiveCfg = Debug|Any CPU
		{3B6A5D24-45FD-4B1F-B10F-4B87F309075A}.Debug|Any CPU.Build.0 = Debug|Any CPU
		{3B6A5D24-45FD-4B1F-B10F-4B87F309075A}.Release|Any CPU.ActiveCfg = Release|Any CPU
		{3B6A5D24-45FD-4B1F-B10F-4B87F309075A}.Release|Any CPU.Build.0 = Release|Any CPU
		{004080E6-CB22-4199-BB0B-5AB89CAB81AA}.Debug|Any CPU.ActiveCfg = Debug|Any CPU
		{004080E6-CB22-4199-BB0B-5AB89CAB81AA}.Debug|Any CPU.Build.0 = Debug|Any CPU
		{004080E6-CB22-4199-BB0B-5AB89CAB81AA}.Release|Any CPU.ActiveCfg = Release|Any CPU
		{004080E6-CB22-4199-BB0B-5AB89CAB81AA}.Release|Any CPU.Build.0 = Release|Any CPU
		{860118C5-56AD-4A49-9F84-507F33056A5C}.Debug|Any CPU.ActiveCfg = Debug|Any CPU
		{860118C5-56AD-4A49-9F84-507F33056A5C}.Debug|Any CPU.Build.0 = Debug|Any CPU
		{860118C5-56AD-4A49-9F84-507F33056A5C}.Release|Any CPU.ActiveCfg = Release|Any CPU
		{860118C5-56AD-4A49-9F84-507F33056A5C}.Release|Any CPU.Build.0 = Release|Any CPU
		{03AD4897-AF43-4109-8529-34250D301F67}.Debug|Any CPU.ActiveCfg = Debug|Any CPU
		{03AD4897-AF43-4109-8529-34250D301F67}.Debug|Any CPU.Build.0 = Debug|Any CPU
		{03AD4897-AF43-4109-8529-34250D301F67}.Release|Any CPU.ActiveCfg = Release|Any CPU
		{03AD4897-AF43-4109-8529-34250D301F67}.Release|Any CPU.Build.0 = Release|Any CPU
		{073480CD-6268-4400-B982-99C8FCB67E5B}.Debug|Any CPU.ActiveCfg = Debug|Any CPU
		{073480CD-6268-4400-B982-99C8FCB67E5B}.Debug|Any CPU.Build.0 = Debug|Any CPU
		{073480CD-6268-4400-B982-99C8FCB67E5B}.Release|Any CPU.ActiveCfg = Release|Any CPU
		{073480CD-6268-4400-B982-99C8FCB67E5B}.Release|Any CPU.Build.0 = Release|Any CPU
		{E7722C54-C2D8-40EF-AAB8-E9CA710FC822}.Debug|Any CPU.ActiveCfg = Debug|Any CPU
		{E7722C54-C2D8-40EF-AAB8-E9CA710FC822}.Debug|Any CPU.Build.0 = Debug|Any CPU
		{E7722C54-C2D8-40EF-AAB8-E9CA710FC822}.Release|Any CPU.ActiveCfg = Release|Any CPU
		{E7722C54-C2D8-40EF-AAB8-E9CA710FC822}.Release|Any CPU.Build.0 = Release|Any CPU
		{58A424A3-253B-46FC-91A5-7D849E5E0C14}.Debug|Any CPU.ActiveCfg = Debug|Any CPU
		{58A424A3-253B-46FC-91A5-7D849E5E0C14}.Debug|Any CPU.Build.0 = Debug|Any CPU
		{58A424A3-253B-46FC-91A5-7D849E5E0C14}.Release|Any CPU.ActiveCfg = Release|Any CPU
		{58A424A3-253B-46FC-91A5-7D849E5E0C14}.Release|Any CPU.Build.0 = Release|Any CPU
		{8E892C33-1453-4DC2-8E2C-9FB19480D908}.Debug|Any CPU.ActiveCfg = Debug|Any CPU
		{8E892C33-1453-4DC2-8E2C-9FB19480D908}.Debug|Any CPU.Build.0 = Debug|Any CPU
		{8E892C33-1453-4DC2-8E2C-9FB19480D908}.Release|Any CPU.ActiveCfg = Release|Any CPU
		{8E892C33-1453-4DC2-8E2C-9FB19480D908}.Release|Any CPU.Build.0 = Release|Any CPU
		{62FD0D6F-5AA7-40C2-866B-93F962C0FB76}.Debug|Any CPU.ActiveCfg = Debug|Any CPU
		{62FD0D6F-5AA7-40C2-866B-93F962C0FB76}.Debug|Any CPU.Build.0 = Debug|Any CPU
		{62FD0D6F-5AA7-40C2-866B-93F962C0FB76}.Release|Any CPU.ActiveCfg = Release|Any CPU
		{62FD0D6F-5AA7-40C2-866B-93F962C0FB76}.Release|Any CPU.Build.0 = Release|Any CPU
		{609D23AD-71DE-4463-A3E7-6C72FEF64613}.Debug|Any CPU.ActiveCfg = Debug|Any CPU
		{609D23AD-71DE-4463-A3E7-6C72FEF64613}.Debug|Any CPU.Build.0 = Debug|Any CPU
		{609D23AD-71DE-4463-A3E7-6C72FEF64613}.Release|Any CPU.ActiveCfg = Release|Any CPU
		{609D23AD-71DE-4463-A3E7-6C72FEF64613}.Release|Any CPU.Build.0 = Release|Any CPU
		{16623E6E-AD33-4D80-B0B4-C471308467F0}.Debug|Any CPU.ActiveCfg = Debug|Any CPU
		{16623E6E-AD33-4D80-B0B4-C471308467F0}.Debug|Any CPU.Build.0 = Debug|Any CPU
		{16623E6E-AD33-4D80-B0B4-C471308467F0}.Release|Any CPU.ActiveCfg = Release|Any CPU
		{16623E6E-AD33-4D80-B0B4-C471308467F0}.Release|Any CPU.Build.0 = Release|Any CPU
		{0D3EDA02-877D-408F-93A2-6B764BB96ABB}.Debug|Any CPU.ActiveCfg = Debug|Any CPU
		{0D3EDA02-877D-408F-93A2-6B764BB96ABB}.Debug|Any CPU.Build.0 = Debug|Any CPU
		{0D3EDA02-877D-408F-93A2-6B764BB96ABB}.Release|Any CPU.ActiveCfg = Release|Any CPU
		{0D3EDA02-877D-408F-93A2-6B764BB96ABB}.Release|Any CPU.Build.0 = Release|Any CPU
		{A43F65E6-8310-4E18-A25A-201D0F79FAAA}.Debug|Any CPU.ActiveCfg = Debug|Any CPU
		{A43F65E6-8310-4E18-A25A-201D0F79FAAA}.Debug|Any CPU.Build.0 = Debug|Any CPU
		{A43F65E6-8310-4E18-A25A-201D0F79FAAA}.Release|Any CPU.ActiveCfg = Release|Any CPU
		{A43F65E6-8310-4E18-A25A-201D0F79FAAA}.Release|Any CPU.Build.0 = Release|Any CPU
		{877B3E58-49B2-4D84-9E0B-758AE24D84AF}.Debug|Any CPU.ActiveCfg = Debug|Any CPU
		{877B3E58-49B2-4D84-9E0B-758AE24D84AF}.Debug|Any CPU.Build.0 = Debug|Any CPU
		{877B3E58-49B2-4D84-9E0B-758AE24D84AF}.Release|Any CPU.ActiveCfg = Release|Any CPU
		{877B3E58-49B2-4D84-9E0B-758AE24D84AF}.Release|Any CPU.Build.0 = Release|Any CPU
		{3ED47640-8ED9-44D8-BBF3-469B4E9C403B}.Debug|Any CPU.ActiveCfg = Debug|Any CPU
		{3ED47640-8ED9-44D8-BBF3-469B4E9C403B}.Debug|Any CPU.Build.0 = Debug|Any CPU
		{3ED47640-8ED9-44D8-BBF3-469B4E9C403B}.Release|Any CPU.ActiveCfg = Release|Any CPU
		{3ED47640-8ED9-44D8-BBF3-469B4E9C403B}.Release|Any CPU.Build.0 = Release|Any CPU
		{16E45085-7EBB-42A4-925F-18A5F66A6951}.Debug|Any CPU.ActiveCfg = Debug|Any CPU
		{16E45085-7EBB-42A4-925F-18A5F66A6951}.Debug|Any CPU.Build.0 = Debug|Any CPU
		{16E45085-7EBB-42A4-925F-18A5F66A6951}.Release|Any CPU.ActiveCfg = Release|Any CPU
		{16E45085-7EBB-42A4-925F-18A5F66A6951}.Release|Any CPU.Build.0 = Release|Any CPU
		{7DD8C835-2EDF-4A1D-A565-55920226996B}.Debug|Any CPU.ActiveCfg = Debug|Any CPU
		{7DD8C835-2EDF-4A1D-A565-55920226996B}.Debug|Any CPU.Build.0 = Debug|Any CPU
		{7DD8C835-2EDF-4A1D-A565-55920226996B}.Release|Any CPU.ActiveCfg = Release|Any CPU
		{7DD8C835-2EDF-4A1D-A565-55920226996B}.Release|Any CPU.Build.0 = Release|Any CPU
		{66DC48DC-0115-4777-987E-655EE493C5D6}.Debug|Any CPU.ActiveCfg = Debug|Any CPU
		{66DC48DC-0115-4777-987E-655EE493C5D6}.Debug|Any CPU.Build.0 = Debug|Any CPU
		{66DC48DC-0115-4777-987E-655EE493C5D6}.Release|Any CPU.ActiveCfg = Release|Any CPU
		{66DC48DC-0115-4777-987E-655EE493C5D6}.Release|Any CPU.Build.0 = Release|Any CPU
		{BD2A9021-F0CE-4867-8412-6756373B5DE3}.Debug|Any CPU.ActiveCfg = Debug|Any CPU
		{BD2A9021-F0CE-4867-8412-6756373B5DE3}.Debug|Any CPU.Build.0 = Debug|Any CPU
		{BD2A9021-F0CE-4867-8412-6756373B5DE3}.Release|Any CPU.ActiveCfg = Release|Any CPU
		{BD2A9021-F0CE-4867-8412-6756373B5DE3}.Release|Any CPU.Build.0 = Release|Any CPU
		{9E38A748-673F-4C8D-BA8B-C66A0B299BDA}.Debug|Any CPU.ActiveCfg = Debug|Any CPU
		{9E38A748-673F-4C8D-BA8B-C66A0B299BDA}.Debug|Any CPU.Build.0 = Debug|Any CPU
		{9E38A748-673F-4C8D-BA8B-C66A0B299BDA}.Release|Any CPU.ActiveCfg = Release|Any CPU
		{9E38A748-673F-4C8D-BA8B-C66A0B299BDA}.Release|Any CPU.Build.0 = Release|Any CPU
		{38D4D806-1FBD-4175-B7B4-2EC72CF131D5}.Debug|Any CPU.ActiveCfg = Debug|Any CPU
		{38D4D806-1FBD-4175-B7B4-2EC72CF131D5}.Debug|Any CPU.Build.0 = Debug|Any CPU
		{38D4D806-1FBD-4175-B7B4-2EC72CF131D5}.Release|Any CPU.ActiveCfg = Release|Any CPU
		{38D4D806-1FBD-4175-B7B4-2EC72CF131D5}.Release|Any CPU.Build.0 = Release|Any CPU
		{A0E6DF4D-F14A-4310-AB2B-7A8900F93D54}.Debug|Any CPU.ActiveCfg = Debug|Any CPU
		{A0E6DF4D-F14A-4310-AB2B-7A8900F93D54}.Debug|Any CPU.Build.0 = Debug|Any CPU
		{A0E6DF4D-F14A-4310-AB2B-7A8900F93D54}.Release|Any CPU.ActiveCfg = Release|Any CPU
		{A0E6DF4D-F14A-4310-AB2B-7A8900F93D54}.Release|Any CPU.Build.0 = Release|Any CPU
		{1E69B07F-7AA6-47B6-A39B-D21DB5CE4981}.Debug|Any CPU.ActiveCfg = Debug|Any CPU
		{1E69B07F-7AA6-47B6-A39B-D21DB5CE4981}.Debug|Any CPU.Build.0 = Debug|Any CPU
		{1E69B07F-7AA6-47B6-A39B-D21DB5CE4981}.Release|Any CPU.ActiveCfg = Release|Any CPU
		{1E69B07F-7AA6-47B6-A39B-D21DB5CE4981}.Release|Any CPU.Build.0 = Release|Any CPU
		{B15DE6BD-E879-4DE4-8916-0B8A91791D8B}.Debug|Any CPU.ActiveCfg = Debug|Any CPU
		{B15DE6BD-E879-4DE4-8916-0B8A91791D8B}.Debug|Any CPU.Build.0 = Debug|Any CPU
		{B15DE6BD-E879-4DE4-8916-0B8A91791D8B}.Release|Any CPU.ActiveCfg = Release|Any CPU
		{B15DE6BD-E879-4DE4-8916-0B8A91791D8B}.Release|Any CPU.Build.0 = Release|Any CPU
		{EDCDBFE9-5403-4E1E-9DD6-8D643A5249A1}.Debug|Any CPU.ActiveCfg = Debug|Any CPU
		{EDCDBFE9-5403-4E1E-9DD6-8D643A5249A1}.Debug|Any CPU.Build.0 = Debug|Any CPU
		{EDCDBFE9-5403-4E1E-9DD6-8D643A5249A1}.Release|Any CPU.ActiveCfg = Release|Any CPU
		{EDCDBFE9-5403-4E1E-9DD6-8D643A5249A1}.Release|Any CPU.Build.0 = Release|Any CPU
	EndGlobalSection
	GlobalSection(SolutionProperties) = preSolution
		HideSolutionNode = FALSE
	EndGlobalSection
	GlobalSection(NestedProjects) = preSolution
		{9D402E8B-6451-4AD2-860E-452ABCC41E48} = {80101F19-8924-41FA-9325-CA8AC946DC4C}
		{CCD445C7-581F-4108-9CEF-C821BE0EF3B0} = {F2747F36-DDA1-4ACF-A930-A8B1944B4854}
		{4D9F3B1F-BE6E-4838-AFC7-6EF21190CA3A} = {91ADE257-5696-4B85-BADA-7638271C971B}
		{3B6A5D24-45FD-4B1F-B10F-4B87F309075A} = {91ADE257-5696-4B85-BADA-7638271C971B}
		{004080E6-CB22-4199-BB0B-5AB89CAB81AA} = {91ADE257-5696-4B85-BADA-7638271C971B}
		{860118C5-56AD-4A49-9F84-507F33056A5C} = {91ADE257-5696-4B85-BADA-7638271C971B}
		{03AD4897-AF43-4109-8529-34250D301F67} = {91ADE257-5696-4B85-BADA-7638271C971B}
		{073480CD-6268-4400-B982-99C8FCB67E5B} = {7B9DA9F7-69AA-44B3-9E64-2105DBD5537E}
		{E7722C54-C2D8-40EF-AAB8-E9CA710FC822} = {B11DF721-439E-487C-A3ED-73BE6DBD5D1F}
		{58A424A3-253B-46FC-91A5-7D849E5E0C14} = {B11DF721-439E-487C-A3ED-73BE6DBD5D1F}
		{8E892C33-1453-4DC2-8E2C-9FB19480D908} = {80101F19-8924-41FA-9325-CA8AC946DC4C}
		{609D23AD-71DE-4463-A3E7-6C72FEF64613} = {91ADE257-5696-4B85-BADA-7638271C971B}
		{CD5595F0-4A34-46DA-AF0F-6D3E91FB13A0} = {2D62AEFA-7B65-4DF6-85F3-ED9F84A6D06C}
		{16623E6E-AD33-4D80-B0B4-C471308467F0} = {CD5595F0-4A34-46DA-AF0F-6D3E91FB13A0}
		{0D3EDA02-877D-408F-93A2-6B764BB96ABB} = {CD5595F0-4A34-46DA-AF0F-6D3E91FB13A0}
		{A43F65E6-8310-4E18-A25A-201D0F79FAAA} = {91ADE257-5696-4B85-BADA-7638271C971B}
		{A246B1F9-8899-46A0-A551-46CAA8D4C62E} = {C6FCFE0D-07C3-4380-881E-EA87150E6C7F}
		{877B3E58-49B2-4D84-9E0B-758AE24D84AF} = {A246B1F9-8899-46A0-A551-46CAA8D4C62E}
		{3ED47640-8ED9-44D8-BBF3-469B4E9C403B} = {A246B1F9-8899-46A0-A551-46CAA8D4C62E}
		{A7CDEAE6-F0BC-4BE6-B689-768A7FE2EDA7} = {C6FCFE0D-07C3-4380-881E-EA87150E6C7F}
		{16E45085-7EBB-42A4-925F-18A5F66A6951} = {A246B1F9-8899-46A0-A551-46CAA8D4C62E}
		{7DD8C835-2EDF-4A1D-A565-55920226996B} = {CD5595F0-4A34-46DA-AF0F-6D3E91FB13A0}
		{66DC48DC-0115-4777-987E-655EE493C5D6} = {A7CDEAE6-F0BC-4BE6-B689-768A7FE2EDA7}
		{BD2A9021-F0CE-4867-8412-6756373B5DE3} = {A7CDEAE6-F0BC-4BE6-B689-768A7FE2EDA7}
		{AB978E78-A6DD-41E4-A6E0-541F902B9B6A} = {C6FCFE0D-07C3-4380-881E-EA87150E6C7F}
		{9E38A748-673F-4C8D-BA8B-C66A0B299BDA} = {AB978E78-A6DD-41E4-A6E0-541F902B9B6A}
		{38D4D806-1FBD-4175-B7B4-2EC72CF131D5} = {AB978E78-A6DD-41E4-A6E0-541F902B9B6A}
		{A0E6DF4D-F14A-4310-AB2B-7A8900F93D54} = {AB978E78-A6DD-41E4-A6E0-541F902B9B6A}
		{1E69B07F-7AA6-47B6-A39B-D21DB5CE4981} = {A7CDEAE6-F0BC-4BE6-B689-768A7FE2EDA7}
		{B15DE6BD-E879-4DE4-8916-0B8A91791D8B} = {A7CDEAE6-F0BC-4BE6-B689-768A7FE2EDA7}
		{EDCDBFE9-5403-4E1E-9DD6-8D643A5249A1} = {551D7A23-7864-4CA8-B1F1-A58B25EA210E}
	EndGlobalSection
	GlobalSection(ExtensibilityGlobals) = postSolution
		SolutionGuid = {069E83C9-3430-4D62-843B-B52982C42093}
	EndGlobalSection
EndGlobal
